
Microsoft Visual Studio Solution File, Format Version 12.00
# Visual Studio Version 17
VisualStudioVersion = 17.7.34024.191
MinimumVisualStudioVersion = 10.0.40219.1
Project("{FAE04EC0-301F-11D3-BF4B-00C04F79EFBC}") = "NET6ApiVideo", "NET6ApiVideo\NET6ApiVideo.csproj", "{07AAD562-F677-4A00-AC4E-62E15704B4DC}"
EndProject
Global
	GlobalSection(SolutionConfigurationPlatforms) = preSolution
		Debug|Any CPU = Debug|Any CPU
		Release|Any CPU = Release|Any CPU
	EndGlobalSection
	GlobalSection(ProjectConfigurationPlatforms) = postSolution
		{07AAD562-F677-4A00-AC4E-62E15704B4DC}.Debug|Any CPU.ActiveCfg = Debug|Any CPU
		{07AAD562-F677-4A00-AC4E-62E15704B4DC}.Debug|Any CPU.Build.0 = Debug|Any CPU
		{07AAD562-F677-4A00-AC4E-62E15704B4DC}.Release|Any CPU.ActiveCfg = Release|Any CPU
		{07AAD562-F677-4A00-AC4E-62E15704B4DC}.Release|Any CPU.Build.0 = Release|Any CPU
	EndGlobalSection
	GlobalSection(SolutionProperties) = preSolution
		HideSolutionNode = FALSE
	EndGlobalSection
	GlobalSection(ExtensibilityGlobals) = postSolution
		SolutionGuid = {C3C39DAC-5D3D-4048-836A-300F49249867}
	EndGlobalSection
EndGlobal
